schema: '2.0'
stages:
  build_features:
    cmd: python .\src\features\build_features.py 
      .\data\processed\Cleaned_car_dataset.csv
    deps:
    - path: .\data\processed\Cleaned_car_dataset.csv
      hash: md5
      md5: ab9982c69300f89e367d1c3cd645b4d5
      size: 38129
    - path: .\src\features\build_features.py
      hash: md5
      md5: fc2135277c64075dfe4fa0f592d2ee82
      size: 1332
    outs:
    - path: .\data\processed\cleaned_car_v1.csv
      hash: md5
      md5: 68a840032df71e7ce3f3520d5cfb9364
      size: 68451
  impute_model:
    cmd: python .\src\train_inpute_model\impute_model.py 
      .\data\processed\cleaned_car_v1.csv
    deps:
    - path: .\data\processed\cleaned_car_v1.csv
      hash: md5
      md5: 68a840032df71e7ce3f3520d5cfb9364
      size: 68451
    - path: .\src\train_inpute_model\impute_model.py
      hash: md5
      md5: 2b7683cf9a9029d2d38aea78d8236c0f
      size: 2752
    outs:
    - path: .\data\processed\cleaned_car_v2.csv
      hash: md5
      md5: adb8ef827068766c2caf9ec0ffce14be
      size: 68686
  make_dataset:
    cmd: python .\src\data\make_dataset.py .\data\processed\cleaned_car_v2.csv
    deps:
    - path: .\data\processed\cleaned_car_v2.csv
      hash: md5
      md5: adb8ef827068766c2caf9ec0ffce14be
      size: 68686
    - path: .\src\data\make_dataset.py
      hash: md5
      md5: 13c6a8271b660ba947be9791f2ebf399
      size: 1272
    params:
      params.yaml:
        make_dataset.seed: 42
        make_dataset.test_split: 0.2
    outs:
    - path: .\data\processed\test.csv
      hash: md5
      md5: a23d8c4ac11f7acfbf638c5b68c24885
      size: 13881
    - path: .\data\processed\train.csv
      hash: md5
      md5: 7ec7124e3ce558a6a19e11def2f899f9
      size: 54880
  train_model:
    cmd: python .\src\models\train_model.py .\data\processed\train.csv
    deps:
    - path: .\data\processed\train.csv
      hash: md5
      md5: 7ec7124e3ce558a6a19e11def2f899f9
      size: 54880
    - path: .\src\models\train_model.py
      hash: md5
      md5: 91f579839ee43ed59a5423e8bd8c2bfa
      size: 2825
    params:
      params.yaml:
        train_model.learning_rate: 0.01
        train_model.max_depth: 3
        train_model.min_samples_leaf: 1
        train_model.min_samples_split: 2
        train_model.n_estimators: 200
    outs:
    - path: .\models\
      hash: md5
      md5: 91caf1a6f4a33bff52bba9d85e4414ec.dir
      size: 268536
      nfiles: 1
  visualize:
    cmd: python .\src\visualization\visualize.py .\models\model.joblib 
      .\data\processed\
    deps:
    - path: .\data\processed\
      hash: md5
      md5: a56fc9c3fd53c30a59a74977876ed776.dir
      size: 244027
      nfiles: 5
    - path: .\models\model.joblib
      hash: md5
      md5: 22cad0306e61547cbfa6599a0125570e
      size: 268536
    - path: .\src\visualization\visualize.py
      hash: md5
      md5: ea4926523718472a9d350e712a8b9e9a
      size: 4453
    outs:
    - path: dvclive/metrics.json
      hash: md5
      md5: dc489ef94ac7fbc554d84bd388e89f5c
      size: 232
    - path: dvclive/plots/images
      hash: md5
      md5: 9d4bf39e11fa56c48a9e03517d0e8542.dir
      size: 125779
      nfiles: 3
