schema: '2.0'
stages:
  build_features:
    cmd: python .\src\features\build_features.py 
      .\data\processed\Cleaned_car_dataset.csv
    deps:
    - path: .\data\processed\Cleaned_car_dataset.csv
      hash: md5
      md5: ab9982c69300f89e367d1c3cd645b4d5
      size: 38129
    - path: .\src\features\build_features.py
      hash: md5
      md5: fc2135277c64075dfe4fa0f592d2ee82
      size: 1332
    outs:
    - path: .\data\processed\cleaned_car_v1.csv
      hash: md5
      md5: 68a840032df71e7ce3f3520d5cfb9364
      size: 68451
  impute_model:
    cmd: python .\src\train_inpute_model\impute_model.py 
      .\data\processed\cleaned_car_v1.csv
    deps:
    - path: .\data\processed\cleaned_car_v1.csv
      hash: md5
      md5: 68a840032df71e7ce3f3520d5cfb9364
      size: 68451
    - path: .\src\train_inpute_model\impute_model.py
      hash: md5
      md5: 2b7683cf9a9029d2d38aea78d8236c0f
      size: 2752
    outs:
    - path: .\data\processed\cleaned_car_v2.csv
      hash: md5
      md5: adb8ef827068766c2caf9ec0ffce14be
      size: 68686
  make_dataset:
    cmd: python .\src\data\make_dataset.py .\models\dataset.joblib
    deps:
    - path: .\models\dataset.joblib
      hash: md5
      md5: 1b805cf2203fef7a900e3a1b515dbeb8
      size: 77518
    - path: .\src\data\make_dataset.py
      hash: md5
      md5: 73580dc0347f15b0f01db14e77afd847
      size: 1266
    params:
      params.yaml:
        make_dataset.seed: 42
        make_dataset.test_split: 0.2
    outs:
    - path: .\data\processed\test.csv
      hash: md5
      md5: a23d8c4ac11f7acfbf638c5b68c24885
      size: 13881
    - path: .\data\processed\train.csv
      hash: md5
      md5: 7ec7124e3ce558a6a19e11def2f899f9
      size: 54880
  train_model:
    cmd: python .\src\models\train_model.py .\data\processed\train.csv
    deps:
    - path: .\data\processed\train.csv
      hash: md5
      md5: 7ec7124e3ce558a6a19e11def2f899f9
      size: 54880
    - path: .\src\models\train_model.py
      hash: md5
      md5: 925c10c1fa66eadeb86a8c0c230966c7
      size: 2775
    params:
      params.yaml:
        train_model.learning_rate: 0.01
        train_model.max_depth: 3
        train_model.min_samples_leaf: 1
        train_model.min_samples_split: 2
        train_model.n_estimators: 200
    outs:
    - path: .\models\model.joblib
      hash: md5
      md5: 0efa64a87b0a295a381e4e3568b75697
      size: 268536
  visualize:
    cmd: python .\src\visualization\visualize.py .\models\model.joblib 
      .\data\processed\
    deps:
    - path: .\data\processed\
      hash: md5
      md5: d7739cf5f8e18a0e1168806a9a362152.dir
      size: 244050
      nfiles: 6
    - path: .\models\model.joblib
      hash: md5
      md5: 0efa64a87b0a295a381e4e3568b75697
      size: 268536
    - path: .\src\visualization\visualize.py
      hash: md5
      md5: ea4926523718472a9d350e712a8b9e9a
      size: 4453
    outs:
    - path: dvclive/metrics.json
      hash: md5
      md5: dc489ef94ac7fbc554d84bd388e89f5c
      size: 232
    - path: dvclive/plots/images
      hash: md5
      md5: 056c9cd5dfe4dde947a3a6a6965f6602.dir
      size: 125785
      nfiles: 3
  export_dataset_file:
    cmd: python .\src\data\export_dataset_file.py 
      .\data\processed\cleaned_car_v2.csv
    deps:
    - path: .\data\processed\cleaned_car_v2.csv
      hash: md5
      md5: adb8ef827068766c2caf9ec0ffce14be
      size: 68686
    - path: .\src\data\export_dataset_file.py
      hash: md5
      md5: beb5ccd0d40435bb81864b39031169fb
      size: 701
    outs:
    - path: .\models\dataset.joblib
      hash: md5
      md5: 1b805cf2203fef7a900e3a1b515dbeb8
      size: 77518
