schema: '2.0'
stages:
  build_features:
    cmd: python .\src\features\build_features.py 
      .\data\processed\Cleaned_car_dataset.csv
    deps:
    - path: .\data\processed\Cleaned_car_dataset.csv
      hash: md5
      md5: ab9982c69300f89e367d1c3cd645b4d5
      size: 38129
    - path: .\src\features\build_features.py
      hash: md5
      md5: 23a5e688c177584ef1ef4d4afab1faeb
      size: 1282
    outs:
    - path: .\data\processed\cleaned_car_v1.csv
      hash: md5
      md5: 34f2fa94c125cab11963b25e7051c6b9
      size: 59066
  impute_model:
    cmd: python .\src\train_inpute_model\impute_model.py 
      .\data\processed\cleaned_car_v1.csv
    deps:
    - path: .\data\processed\cleaned_car_v1.csv
      hash: md5
      md5: 34f2fa94c125cab11963b25e7051c6b9
      size: 59066
    - path: .\src\train_inpute_model\impute_model.py
      hash: md5
      md5: 2b7683cf9a9029d2d38aea78d8236c0f
      size: 2752
    outs:
    - path: .\data\processed\cleaned_car_v2.csv
      hash: md5
      md5: eafc84ce2a7dafaf856351335f41797d
      size: 59362
  make_dataset:
    cmd: python .\src\data\make_dataset.py .\models\dataset.joblib
    deps:
    - path: .\models\dataset.joblib
      hash: md5
      md5: b654ac97fde8a2fdf6dd2dc9c72886eb
      size: 77518
    - path: .\src\data\make_dataset.py
      hash: md5
      md5: 73580dc0347f15b0f01db14e77afd847
      size: 1266
    params:
      params.yaml:
        make_dataset.seed: 42
        make_dataset.test_split: 0.2
    outs:
    - path: .\data\processed\test.csv
      hash: md5
      md5: 4c3b94744fb0ddb8b3b6572acfe90145
      size: 11989
    - path: .\data\processed\train.csv
      hash: md5
      md5: b85e4a0043620fc629a2f9747b60965f
      size: 47448
  train_model:
    cmd: python .\src\models\train_model.py .\data\processed\train.csv
    deps:
    - path: .\data\processed\train.csv
      hash: md5
      md5: b85e4a0043620fc629a2f9747b60965f
      size: 47448
    - path: .\src\models\train_model.py
      hash: md5
      md5: 8a4505a2d56a6919569c819c60f8d1e1
      size: 2782
    params:
      params.yaml:
        train_model.learning_rate: 0.01
        train_model.max_depth: 3
        train_model.min_samples_leaf: 1
        train_model.min_samples_split: 2
        train_model.n_estimators: 200
    outs:
    - path: .\models\model.joblib
      hash: md5
      md5: 4db616e0a5ddb0acc1b17faf468f4a14
      size: 268248
  visualize:
    cmd: python .\src\visualization\visualize.py .\models\pipeline.joblib 
      .\data\processed\
    deps:
    - path: .\data\processed\
      hash: md5
      md5: 61dbdcda2db90762d7485d6fdfc329b8.dir
      size: 216038
      nfiles: 6
    - path: .\models\pipeline.joblib
      hash: md5
      md5: 409888b471b9ea2b2614ebdc3789a9f0
      size: 275970
    - path: .\src\visualization\visualize.py
      hash: md5
      md5: 5ac03bf0478d1e2dfd5b44e54eb90a31
      size: 3836
    outs:
    - path: dvclive/metrics.json
      hash: md5
      md5: 7dd26577904bc4c39ce3aad8ac6217e9
      size: 232
    - path: dvclive/plots/images
      hash: md5
      md5: 73783bb40462b00cf6fb38a9e7e033bf.dir
      size: 125881
      nfiles: 3
  export_dataset_file:
    cmd: python .\src\data\export_dataset_file.py 
      .\data\processed\cleaned_car_v2.csv
    deps:
    - path: .\data\processed\cleaned_car_v2.csv
      hash: md5
      md5: eafc84ce2a7dafaf856351335f41797d
      size: 59362
    - path: .\src\data\export_dataset_file.py
      hash: md5
      md5: beb5ccd0d40435bb81864b39031169fb
      size: 701
    outs:
    - path: .\models\dataset.joblib
      hash: md5
      md5: b654ac97fde8a2fdf6dd2dc9c72886eb
      size: 77518
  predict_model:
    cmd: python .\src\models\predict_model.py .\models\model.joblib 
      .\data\processed\train.csv
    deps:
    - path: .\data\processed\train.csv
      hash: md5
      md5: b85e4a0043620fc629a2f9747b60965f
      size: 47448
    - path: .\models\model.joblib
      hash: md5
      md5: 4db616e0a5ddb0acc1b17faf468f4a14
      size: 268248
    - path: .\src\models\predict_model.py
      hash: md5
      md5: aee51ae760b346d940703bc07ff364b4
      size: 1969
    outs:
    - path: .\models\pipeline.joblib
      hash: md5
      md5: 409888b471b9ea2b2614ebdc3789a9f0
      size: 275970
